
Microsoft Visual Studio Solution File, Format Version 11.00
# Visual C# Express 2010
Project("{FAE04EC0-301F-11D3-BF4B-00C04F79EFBC}") = "CubePdf", "CubePdf\CubePdf.csproj", "{39CDF0CB-B216-44D1-A3E9-D2A5D7CFE4F8}"
EndProject
Project("{FAE04EC0-301F-11D3-BF4B-00C04F79EFBC}") = "CubePdf.Engine", "CubePdf.Engine\CubePdf.Engine.csproj", "{F506801C-B1B4-4446-8E8D-1E97E509255C}"
EndProject
Project("{FAE04EC0-301F-11D3-BF4B-00C04F79EFBC}") = "CubePdfEngineTests", "CubePdfEngineTests\CubePdfEngineTests.csproj", "{2779F1A0-5F12-40DF-AFC5-64F98C0B87F6}"
EndProject
Project("{FAE04EC0-301F-11D3-BF4B-00C04F79EFBC}") = "UpdateChecker", "UpdateChecker\UpdateChecker.csproj", "{3B9BA893-3D12-4828-817A-BD9F362828D8}"
EndProject
Project("{FAE04EC0-301F-11D3-BF4B-00C04F79EFBC}") = "CubePdf.Settings", "..\CubePdfLib\CubePdf.Settings\CubePdf.Settings.csproj", "{0E3F9DF4-DAC5-4C36-B82A-5C8AA45A4E2D}"
EndProject
Project("{FAE04EC0-301F-11D3-BF4B-00C04F79EFBC}") = "CubePdf.Misc", "..\CubePdfLib\CubePdf.Misc\CubePdf.Misc.csproj", "{193B7028-1F28-462A-B172-36F485002349}"
EndProject
Global
	GlobalSection(SolutionConfigurationPlatforms) = preSolution
		Debug|Any CPU = Debug|Any CPU
		Debug|x64 = Debug|x64
		Debug|x86 = Debug|x86
		Release|Any CPU = Release|Any CPU
		Release|x64 = Release|x64
		Release|x86 = Release|x86
	EndGlobalSection
	GlobalSection(ProjectConfigurationPlatforms) = postSolution
		{39CDF0CB-B216-44D1-A3E9-D2A5D7CFE4F8}.Debug|Any CPU.ActiveCfg = Debug|Any CPU
		{39CDF0CB-B216-44D1-A3E9-D2A5D7CFE4F8}.Debug|Any CPU.Build.0 = Debug|Any CPU
		{39CDF0CB-B216-44D1-A3E9-D2A5D7CFE4F8}.Debug|x64.ActiveCfg = Debug|x64
		{39CDF0CB-B216-44D1-A3E9-D2A5D7CFE4F8}.Debug|x64.Build.0 = Debug|x64
		{39CDF0CB-B216-44D1-A3E9-D2A5D7CFE4F8}.Debug|x86.ActiveCfg = Debug|x86
		{39CDF0CB-B216-44D1-A3E9-D2A5D7CFE4F8}.Debug|x86.Build.0 = Debug|x86
		{39CDF0CB-B216-44D1-A3E9-D2A5D7CFE4F8}.Release|Any CPU.ActiveCfg = Release|Any CPU
		{39CDF0CB-B216-44D1-A3E9-D2A5D7CFE4F8}.Release|Any CPU.Build.0 = Release|Any CPU
		{39CDF0CB-B216-44D1-A3E9-D2A5D7CFE4F8}.Release|x64.ActiveCfg = Release|x64
		{39CDF0CB-B216-44D1-A3E9-D2A5D7CFE4F8}.Release|x64.Build.0 = Release|x64
		{39CDF0CB-B216-44D1-A3E9-D2A5D7CFE4F8}.Release|x86.ActiveCfg = Release|x86
		{39CDF0CB-B216-44D1-A3E9-D2A5D7CFE4F8}.Release|x86.Build.0 = Release|x86
		{F506801C-B1B4-4446-8E8D-1E97E509255C}.Debug|Any CPU.ActiveCfg = Debug|Any CPU
		{F506801C-B1B4-4446-8E8D-1E97E509255C}.Debug|Any CPU.Build.0 = Debug|Any CPU
		{F506801C-B1B4-4446-8E8D-1E97E509255C}.Debug|x64.ActiveCfg = Debug|x64
		{F506801C-B1B4-4446-8E8D-1E97E509255C}.Debug|x64.Build.0 = Debug|x64
		{F506801C-B1B4-4446-8E8D-1E97E509255C}.Debug|x86.ActiveCfg = Debug|x86
		{F506801C-B1B4-4446-8E8D-1E97E509255C}.Debug|x86.Build.0 = Debug|x86
		{F506801C-B1B4-4446-8E8D-1E97E509255C}.Release|Any CPU.ActiveCfg = Release|Any CPU
		{F506801C-B1B4-4446-8E8D-1E97E509255C}.Release|Any CPU.Build.0 = Release|Any CPU
		{F506801C-B1B4-4446-8E8D-1E97E509255C}.Release|x64.ActiveCfg = Release|x64
		{F506801C-B1B4-4446-8E8D-1E97E509255C}.Release|x64.Build.0 = Release|x64
		{F506801C-B1B4-4446-8E8D-1E97E509255C}.Release|x86.ActiveCfg = Release|x86
		{F506801C-B1B4-4446-8E8D-1E97E509255C}.Release|x86.Build.0 = Release|x86
		{2779F1A0-5F12-40DF-AFC5-64F98C0B87F6}.Debug|Any CPU.ActiveCfg = Debug|Any CPU
		{2779F1A0-5F12-40DF-AFC5-64F98C0B87F6}.Debug|Any CPU.Build.0 = Debug|Any CPU
		{2779F1A0-5F12-40DF-AFC5-64F98C0B87F6}.Debug|x64.ActiveCfg = Debug|x64
		{2779F1A0-5F12-40DF-AFC5-64F98C0B87F6}.Debug|x64.Build.0 = Debug|x64
		{2779F1A0-5F12-40DF-AFC5-64F98C0B87F6}.Debug|x86.ActiveCfg = Debug|x86
		{2779F1A0-5F12-40DF-AFC5-64F98C0B87F6}.Debug|x86.Build.0 = Debug|x86
		{2779F1A0-5F12-40DF-AFC5-64F98C0B87F6}.Release|Any CPU.ActiveCfg = Release|Any CPU
		{2779F1A0-5F12-40DF-AFC5-64F98C0B87F6}.Release|Any CPU.Build.0 = Release|Any CPU
		{2779F1A0-5F12-40DF-AFC5-64F98C0B87F6}.Release|x64.ActiveCfg = Release|x64
		{2779F1A0-5F12-40DF-AFC5-64F98C0B87F6}.Release|x64.Build.0 = Release|x64
		{2779F1A0-5F12-40DF-AFC5-64F98C0B87F6}.Release|x86.ActiveCfg = Release|x86
		{2779F1A0-5F12-40DF-AFC5-64F98C0B87F6}.Release|x86.Build.0 = Release|x86
		{3B9BA893-3D12-4828-817A-BD9F362828D8}.Debug|Any CPU.ActiveCfg = Debug|Any CPU
		{3B9BA893-3D12-4828-817A-BD9F362828D8}.Debug|Any CPU.Build.0 = Debug|Any CPU
		{3B9BA893-3D12-4828-817A-BD9F362828D8}.Debug|x64.ActiveCfg = Debug|x64
		{3B9BA893-3D12-4828-817A-BD9F362828D8}.Debug|x64.Build.0 = Debug|x64
		{3B9BA893-3D12-4828-817A-BD9F362828D8}.Debug|x86.ActiveCfg = Debug|x86
		{3B9BA893-3D12-4828-817A-BD9F362828D8}.Debug|x86.Build.0 = Debug|x86
		{3B9BA893-3D12-4828-817A-BD9F362828D8}.Release|Any CPU.ActiveCfg = Release|Any CPU
		{3B9BA893-3D12-4828-817A-BD9F362828D8}.Release|Any CPU.Build.0 = Release|Any CPU
		{3B9BA893-3D12-4828-817A-BD9F362828D8}.Release|x64.ActiveCfg = Release|x64
		{3B9BA893-3D12-4828-817A-BD9F362828D8}.Release|x64.Build.0 = Release|x64
		{3B9BA893-3D12-4828-817A-BD9F362828D8}.Release|x86.ActiveCfg = Release|x86
		{3B9BA893-3D12-4828-817A-BD9F362828D8}.Release|x86.Build.0 = Release|x86
		{0E3F9DF4-DAC5-4C36-B82A-5C8AA45A4E2D}.Debug|Any CPU.ActiveCfg = Debug|Any CPU
		{0E3F9DF4-DAC5-4C36-B82A-5C8AA45A4E2D}.Debug|Any CPU.Build.0 = Debug|Any CPU
		{0E3F9DF4-DAC5-4C36-B82A-5C8AA45A4E2D}.Debug|x64.ActiveCfg = Debug|x64
		{0E3F9DF4-DAC5-4C36-B82A-5C8AA45A4E2D}.Debug|x64.Build.0 = Debug|x64
		{0E3F9DF4-DAC5-4C36-B82A-5C8AA45A4E2D}.Debug|x86.ActiveCfg = Debug|x86
		{0E3F9DF4-DAC5-4C36-B82A-5C8AA45A4E2D}.Debug|x86.Build.0 = Debug|x86
		{0E3F9DF4-DAC5-4C36-B82A-5C8AA45A4E2D}.Release|Any CPU.ActiveCfg = Release|Any CPU
		{0E3F9DF4-DAC5-4C36-B82A-5C8AA45A4E2D}.Release|Any CPU.Build.0 = Release|Any CPU
		{0E3F9DF4-DAC5-4C36-B82A-5C8AA45A4E2D}.Release|x64.ActiveCfg = Release|x64
		{0E3F9DF4-DAC5-4C36-B82A-5C8AA45A4E2D}.Release|x64.Build.0 = Release|x64
		{0E3F9DF4-DAC5-4C36-B82A-5C8AA45A4E2D}.Release|x86.ActiveCfg = Release|x86
		{0E3F9DF4-DAC5-4C36-B82A-5C8AA45A4E2D}.Release|x86.Build.0 = Release|x86
		{193B7028-1F28-462A-B172-36F485002349}.Debug|Any CPU.ActiveCfg = Debug|Any CPU
		{193B7028-1F28-462A-B172-36F485002349}.Debug|Any CPU.Build.0 = Debug|Any CPU
		{193B7028-1F28-462A-B172-36F485002349}.Debug|x64.ActiveCfg = Debug|x64
		{193B7028-1F28-462A-B172-36F485002349}.Debug|x64.Build.0 = Debug|x64
		{193B7028-1F28-462A-B172-36F485002349}.Debug|x86.ActiveCfg = Debug|x86
		{193B7028-1F28-462A-B172-36F485002349}.Debug|x86.Build.0 = Debug|x86
		{193B7028-1F28-462A-B172-36F485002349}.Release|Any CPU.ActiveCfg = Release|Any CPU
		{193B7028-1F28-462A-B172-36F485002349}.Release|Any CPU.Build.0 = Release|Any CPU
		{193B7028-1F28-462A-B172-36F485002349}.Release|x64.ActiveCfg = Release|x64
		{193B7028-1F28-462A-B172-36F485002349}.Release|x64.Build.0 = Release|x64
		{193B7028-1F28-462A-B172-36F485002349}.Release|x86.ActiveCfg = Release|x86
		{193B7028-1F28-462A-B172-36F485002349}.Release|x86.Build.0 = Release|x86
	EndGlobalSection
	GlobalSection(SolutionProperties) = preSolution
		HideSolutionNode = FALSE
	EndGlobalSection
EndGlobal
